{
  "nodes": {
    "dotfiles": {
      "flake": false,
      "locked": {
        "lastModified": 1716328761,
        "narHash": "sha256-BTeM11Df64YSUnVgJp7bdttMg064SZFk6u5nPCmN9VU=",
        "owner": "ModestMeowth",
        "repo": "dotfiles",
        "rev": "0bef384941aa610bb613b4d61b05698961e0e153",
        "type": "github"
      },
      "original": {
        "owner": "ModestMeowth",
        "repo": "dotfiles",
        "type": "github"
      }
    },
    "keys": {
      "flake": false,
      "locked": {
        "narHash": "sha256-bIVAnEY0YxWrIUUz0CoN9sCaDfO+VOiG2yfkMUchCsg=",
        "type": "file",
        "url": "https://github.com/ModestMeowth.keys"
      },
      "original": {
        "type": "file",
        "url": "https://github.com/ModestMeowth.keys"
      }
    },
    "root": {
      "inputs": {
        "dotfiles": "dotfiles",
        "keys": "keys"
      }
    }
  },
  "root": "root",
  "version": 7
}
