{
  "nodes": {
    "dotfiles": {
      "flake": false,
      "locked": {
        "lastModified": 1716844731,
        "narHash": "sha256-KrWlG21+mbb284JaxRqKGMhmhQIOuIBqAdCXz2zDJaQ=",
        "owner": "ModestMeowth",
        "repo": "dotfiles",
        "rev": "f6d08a2e7e5e4258354a4522cc3d8d2103218220",
        "type": "github"
      },
      "original": {
        "owner": "ModestMeowth",
        "repo": "dotfiles",
        "type": "github"
      }
    },
    "keys": {
      "flake": false,
      "locked": {
        "narHash": "sha256-bIVAnEY0YxWrIUUz0CoN9sCaDfO+VOiG2yfkMUchCsg=",
        "type": "file",
        "url": "https://github.com/ModestMeowth.keys"
      },
      "original": {
        "type": "file",
        "url": "https://github.com/ModestMeowth.keys"
      }
    },
    "root": {
      "inputs": {
        "dotfiles": "dotfiles",
        "keys": "keys"
      }
    }
  },
  "root": "root",
  "version": 7
}
