{
  "nodes": {
    "dotfiles": {
      "flake": false,
      "locked": {
        "lastModified": 1717213743,
        "narHash": "sha256-ZO9fmzEMclNtxc2becL/8HUOKjWhDazQu6M8rP5Tm3s=",
        "owner": "ModestMeowth",
        "repo": "dotfiles",
        "rev": "19d59972746a046fcde2f54670c3412ec2130862",
        "type": "github"
      },
      "original": {
        "owner": "ModestMeowth",
        "repo": "dotfiles",
        "type": "github"
      }
    },
    "root": {
      "inputs": {
        "dotfiles": "dotfiles"
      }
    }
  },
  "root": "root",
  "version": 7
}
